
Microsoft Visual Studio Solution File, Format Version 12.00
# Visual Studio 15
VisualStudioVersion = 15.0.27130.2024
MinimumVisualStudioVersion = 10.0.40219.1
Project("{FAE04EC0-301F-11D3-BF4B-00C04F79EFBC}") = "HOZ", "BusinessAnalytics\HOZ.csproj", "{4755E816-0538-42BA-9F79-C9F51E6C0E94}"
EndProject
Project("{FAE04EC0-301F-11D3-BF4B-00C04F79EFBC}") = "db", "db\db.csproj", "{301A0611-B328-4C1C-9401-C06C37C1394D}"
EndProject
Project("{FAE04EC0-301F-11D3-BF4B-00C04F79EFBC}") = "Logics", "Logics\Logics.csproj", "{46F45D43-FAF3-4AAC-BF38-B19FE58CB5D1}"
EndProject
Global
	GlobalSection(SolutionConfigurationPlatforms) = preSolution
		Debug|Any CPU = Debug|Any CPU
		Release|Any CPU = Release|Any CPU
	EndGlobalSection
	GlobalSection(ProjectConfigurationPlatforms) = postSolution
		{4755E816-0538-42BA-9F79-C9F51E6C0E94}.Debug|Any CPU.ActiveCfg = Debug|Any CPU
		{4755E816-0538-42BA-9F79-C9F51E6C0E94}.Debug|Any CPU.Build.0 = Debug|Any CPU
		{4755E816-0538-42BA-9F79-C9F51E6C0E94}.Release|Any CPU.ActiveCfg = Release|Any CPU
		{4755E816-0538-42BA-9F79-C9F51E6C0E94}.Release|Any CPU.Build.0 = Release|Any CPU
		{301A0611-B328-4C1C-9401-C06C37C1394D}.Debug|Any CPU.ActiveCfg = Debug|Any CPU
		{301A0611-B328-4C1C-9401-C06C37C1394D}.Debug|Any CPU.Build.0 = Debug|Any CPU
		{301A0611-B328-4C1C-9401-C06C37C1394D}.Release|Any CPU.ActiveCfg = Release|Any CPU
		{301A0611-B328-4C1C-9401-C06C37C1394D}.Release|Any CPU.Build.0 = Release|Any CPU
		{46F45D43-FAF3-4AAC-BF38-B19FE58CB5D1}.Debug|Any CPU.ActiveCfg = Debug|Any CPU
		{46F45D43-FAF3-4AAC-BF38-B19FE58CB5D1}.Debug|Any CPU.Build.0 = Debug|Any CPU
		{46F45D43-FAF3-4AAC-BF38-B19FE58CB5D1}.Release|Any CPU.ActiveCfg = Release|Any CPU
		{46F45D43-FAF3-4AAC-BF38-B19FE58CB5D1}.Release|Any CPU.Build.0 = Release|Any CPU
	EndGlobalSection
	GlobalSection(SolutionProperties) = preSolution
		HideSolutionNode = FALSE
	EndGlobalSection
	GlobalSection(ExtensibilityGlobals) = postSolution
		SolutionGuid = {74D2EFBC-CFAC-421C-B9B3-FDD0C1CD1739}
	EndGlobalSection
EndGlobal
